// !$*UTF8*$!
{
	archiveVersion = 1;
	classes = {
	};
	objectVersion = 51;
	objects = {

/* Begin PBXBuildFile section */
		3001189623329CC100DA9C3B /* R.generated.swift in Sources */ = {isa = PBXBuildFile; fileRef = 3001189523329CC100DA9C3B /* R.generated.swift */; };
		3001189A23329DEA00DA9C3B /* LaunchScreen.storyboard in Resources */ = {isa = PBXBuildFile; fileRef = 3001189923329DEA00DA9C3B /* LaunchScreen.storyboard */; };
		3001189E23329F6A00DA9C3B /* Main.strings in Resources */ = {isa = PBXBuildFile; fileRef = 300118A023329F6A00DA9C3B /* Main.strings */; };
		300118A22332AC5B00DA9C3B /* MovieTableViewCell.swift in Sources */ = {isa = PBXBuildFile; fileRef = 300118A12332AC5B00DA9C3B /* MovieTableViewCell.swift */; };
		300118A42332CBCF00DA9C3B /* DetailViewController.swift in Sources */ = {isa = PBXBuildFile; fileRef = 300118A32332CBCF00DA9C3B /* DetailViewController.swift */; };
		300118A82333BA8400DA9C3B /* InformationTableViewCell.swift in Sources */ = {isa = PBXBuildFile; fileRef = 300118A72333BA8400DA9C3B /* InformationTableViewCell.swift */; };
		300118AA2333BAFD00DA9C3B /* DatesTableViewCell.swift in Sources */ = {isa = PBXBuildFile; fileRef = 300118A92333BAFD00DA9C3B /* DatesTableViewCell.swift */; };
		300118AC2333BB4500DA9C3B /* CashTableViewCell.swift in Sources */ = {isa = PBXBuildFile; fileRef = 300118AB2333BB4500DA9C3B /* CashTableViewCell.swift */; };
		300118AF2333C6DC00DA9C3B /* UILabel+Extension.swift in Sources */ = {isa = PBXBuildFile; fileRef = 300118AE2333C6DC00DA9C3B /* UILabel+Extension.swift */; };
		300118B22333F16700DA9C3B /* MoviesService.swift in Sources */ = {isa = PBXBuildFile; fileRef = 300118B12333F16700DA9C3B /* MoviesService.swift */; };
		302453312333FA5200492877 /* MoviesNetworkManager.swift in Sources */ = {isa = PBXBuildFile; fileRef = 302453302333FA5200492877 /* MoviesNetworkManager.swift */; };
		302453342333FBF700492877 /* Movie.swift in Sources */ = {isa = PBXBuildFile; fileRef = 302453332333FBF700492877 /* Movie.swift */; };
		302453362333FDFA00492877 /* UpcomingResponse.swift in Sources */ = {isa = PBXBuildFile; fileRef = 302453352333FDFA00492877 /* UpcomingResponse.swift */; };
		302453382333FE3900492877 /* Dates.swift in Sources */ = {isa = PBXBuildFile; fileRef = 302453372333FE3900492877 /* Dates.swift */; };
		3024533C2334032D00492877 /* Genre.swift in Sources */ = {isa = PBXBuildFile; fileRef = 3024533B2334032D00492877 /* Genre.swift */; };
		3024533E23340C4D00492877 /* MainViewModel.swift in Sources */ = {isa = PBXBuildFile; fileRef = 3024533D23340C4D00492877 /* MainViewModel.swift */; };
		3071ABF923325D5300D94BA1 /* AppDelegate.swift in Sources */ = {isa = PBXBuildFile; fileRef = 3071ABF823325D5300D94BA1 /* AppDelegate.swift */; };
		3071ABFB23325D5300D94BA1 /* MainViewController.swift in Sources */ = {isa = PBXBuildFile; fileRef = 3071ABFA23325D5300D94BA1 /* MainViewController.swift */; };
		3071AC0023325D5500D94BA1 /* Assets.xcassets in Resources */ = {isa = PBXBuildFile; fileRef = 3071ABFF23325D5500D94BA1 /* Assets.xcassets */; };
		3071AC0E23325D5500D94BA1 /* PixelTMDbTests.swift in Sources */ = {isa = PBXBuildFile; fileRef = 3071AC0D23325D5500D94BA1 /* PixelTMDbTests.swift */; };
		6CCED5315160A2B154898C3B /* Pods_PixelTMDbTests.framework in Frameworks */ = {isa = PBXBuildFile; fileRef = CCB79C2F435E8814C34250D5 /* Pods_PixelTMDbTests.framework */; };
		F3A84C1B33554B6C2EBBF9CD /* Pods_PixelTMDb.framework in Frameworks */ = {isa = PBXBuildFile; fileRef = E5FAFA4D1A3FC45F7A08D1EC /* Pods_PixelTMDb.framework */; };
/* End PBXBuildFile section */

/* Begin PBXContainerItemProxy section */
		3071AC0A23325D5500D94BA1 /* PBXContainerItemProxy */ = {
			isa = PBXContainerItemProxy;
			containerPortal = 3071ABED23325D5300D94BA1 /* Project object */;
			proxyType = 1;
			remoteGlobalIDString = 3071ABF423325D5300D94BA1;
			remoteInfo = PixelTMDb;
		};
/* End PBXContainerItemProxy section */

/* Begin PBXFileReference section */
		2F1574FA6AA0BD24A65E37C7 /* Pods-PixelTMDbTests.release.xcconfig */ = {isa = PBXFileReference; includeInIndex = 1; lastKnownFileType = text.xcconfig; name = "Pods-PixelTMDbTests.release.xcconfig"; path = "Target Support Files/Pods-PixelTMDbTests/Pods-PixelTMDbTests.release.xcconfig"; sourceTree = "<group>"; };
		3001189523329CC100DA9C3B /* R.generated.swift */ = {isa = PBXFileReference; fileEncoding = 4; lastKnownFileType = sourcecode.swift; path = R.generated.swift; sourceTree = SOURCE_ROOT; };
		3001189923329DEA00DA9C3B /* LaunchScreen.storyboard */ = {isa = PBXFileReference; fileEncoding = 4; lastKnownFileType = file.storyboard; path = LaunchScreen.storyboard; sourceTree = "<group>"; };
		3001189F23329F6A00DA9C3B /* en */ = {isa = PBXFileReference; lastKnownFileType = text.plist.strings; name = en; path = en.lproj/Main.strings; sourceTree = "<group>"; };
		300118A12332AC5B00DA9C3B /* MovieTableViewCell.swift */ = {isa = PBXFileReference; lastKnownFileType = sourcecode.swift; path = MovieTableViewCell.swift; sourceTree = "<group>"; };
		300118A32332CBCF00DA9C3B /* DetailViewController.swift */ = {isa = PBXFileReference; lastKnownFileType = sourcecode.swift; path = DetailViewController.swift; sourceTree = "<group>"; };
		300118A72333BA8400DA9C3B /* InformationTableViewCell.swift */ = {isa = PBXFileReference; lastKnownFileType = sourcecode.swift; path = InformationTableViewCell.swift; sourceTree = "<group>"; };
		300118A92333BAFD00DA9C3B /* DatesTableViewCell.swift */ = {isa = PBXFileReference; lastKnownFileType = sourcecode.swift; path = DatesTableViewCell.swift; sourceTree = "<group>"; };
		300118AB2333BB4500DA9C3B /* CashTableViewCell.swift */ = {isa = PBXFileReference; lastKnownFileType = sourcecode.swift; path = CashTableViewCell.swift; sourceTree = "<group>"; };
		300118AE2333C6DC00DA9C3B /* UILabel+Extension.swift */ = {isa = PBXFileReference; lastKnownFileType = sourcecode.swift; path = "UILabel+Extension.swift"; sourceTree = "<group>"; };
		300118B12333F16700DA9C3B /* MoviesService.swift */ = {isa = PBXFileReference; lastKnownFileType = sourcecode.swift; path = MoviesService.swift; sourceTree = "<group>"; };
		302453302333FA5200492877 /* MoviesNetworkManager.swift */ = {isa = PBXFileReference; lastKnownFileType = sourcecode.swift; path = MoviesNetworkManager.swift; sourceTree = "<group>"; };
		302453332333FBF700492877 /* Movie.swift */ = {isa = PBXFileReference; lastKnownFileType = sourcecode.swift; path = Movie.swift; sourceTree = "<group>"; };
		302453352333FDFA00492877 /* UpcomingResponse.swift */ = {isa = PBXFileReference; lastKnownFileType = sourcecode.swift; path = UpcomingResponse.swift; sourceTree = "<group>"; };
		302453372333FE3900492877 /* Dates.swift */ = {isa = PBXFileReference; lastKnownFileType = sourcecode.swift; path = Dates.swift; sourceTree = "<group>"; };
		3024533B2334032D00492877 /* Genre.swift */ = {isa = PBXFileReference; lastKnownFileType = sourcecode.swift; path = Genre.swift; sourceTree = "<group>"; };
		3024533D23340C4D00492877 /* MainViewModel.swift */ = {isa = PBXFileReference; lastKnownFileType = sourcecode.swift; path = MainViewModel.swift; sourceTree = "<group>"; };
		3071ABF523325D5300D94BA1 /* PixelTMDb.app */ = {isa = PBXFileReference; explicitFileType = wrapper.application; includeInIndex = 0; path = PixelTMDb.app; sourceTree = BUILT_PRODUCTS_DIR; };
		3071ABF823325D5300D94BA1 /* AppDelegate.swift */ = {isa = PBXFileReference; lastKnownFileType = sourcecode.swift; path = AppDelegate.swift; sourceTree = "<group>"; };
		3071ABFA23325D5300D94BA1 /* MainViewController.swift */ = {isa = PBXFileReference; lastKnownFileType = sourcecode.swift; path = MainViewController.swift; sourceTree = "<group>"; };
		3071ABFF23325D5500D94BA1 /* Assets.xcassets */ = {isa = PBXFileReference; lastKnownFileType = folder.assetcatalog; path = Assets.xcassets; sourceTree = "<group>"; };
		3071AC0423325D5500D94BA1 /* Info.plist */ = {isa = PBXFileReference; lastKnownFileType = text.plist.xml; path = Info.plist; sourceTree = "<group>"; };
		3071AC0923325D5500D94BA1 /* PixelTMDbTests.xctest */ = {isa = PBXFileReference; explicitFileType = wrapper.cfbundle; includeInIndex = 0; path = PixelTMDbTests.xctest; sourceTree = BUILT_PRODUCTS_DIR; };
		3071AC0D23325D5500D94BA1 /* PixelTMDbTests.swift */ = {isa = PBXFileReference; lastKnownFileType = sourcecode.swift; path = PixelTMDbTests.swift; sourceTree = "<group>"; };
		3071AC0F23325D5500D94BA1 /* Info.plist */ = {isa = PBXFileReference; lastKnownFileType = text.plist.xml; path = Info.plist; sourceTree = "<group>"; };
		47755E91A3073C113BD7AA93 /* Pods-PixelTMDb.debug.xcconfig */ = {isa = PBXFileReference; includeInIndex = 1; lastKnownFileType = text.xcconfig; name = "Pods-PixelTMDb.debug.xcconfig"; path = "Target Support Files/Pods-PixelTMDb/Pods-PixelTMDb.debug.xcconfig"; sourceTree = "<group>"; };
		6BE41844FF5D802D0505AAC9 /* Pods-PixelTMDbTests.debug.xcconfig */ = {isa = PBXFileReference; includeInIndex = 1; lastKnownFileType = text.xcconfig; name = "Pods-PixelTMDbTests.debug.xcconfig"; path = "Target Support Files/Pods-PixelTMDbTests/Pods-PixelTMDbTests.debug.xcconfig"; sourceTree = "<group>"; };
		B9F4B61182FFBE9328BC8D86 /* Pods-PixelTMDb.release.xcconfig */ = {isa = PBXFileReference; includeInIndex = 1; lastKnownFileType = text.xcconfig; name = "Pods-PixelTMDb.release.xcconfig"; path = "Target Support Files/Pods-PixelTMDb/Pods-PixelTMDb.release.xcconfig"; sourceTree = "<group>"; };
		CCB79C2F435E8814C34250D5 /* Pods_PixelTMDbTests.framework */ = {isa = PBXFileReference; explicitFileType = wrapper.framework; includeInIndex = 0; path = Pods_PixelTMDbTests.framework; sourceTree = BUILT_PRODUCTS_DIR; };
		E5FAFA4D1A3FC45F7A08D1EC /* Pods_PixelTMDb.framework */ = {isa = PBXFileReference; explicitFileType = wrapper.framework; includeInIndex = 0; path = Pods_PixelTMDb.framework; sourceTree = BUILT_PRODUCTS_DIR; };
/* End PBXFileReference section */

/* Begin PBXFrameworksBuildPhase section */
		3071ABF223325D5300D94BA1 /* Frameworks */ = {
			isa = PBXFrameworksBuildPhase;
			buildActionMask = 2147483647;
			files = (
				F3A84C1B33554B6C2EBBF9CD /* Pods_PixelTMDb.framework in Frameworks */,
			);
			runOnlyForDeploymentPostprocessing = 0;
		};
		3071AC0623325D5500D94BA1 /* Frameworks */ = {
			isa = PBXFrameworksBuildPhase;
			buildActionMask = 2147483647;
			files = (
				6CCED5315160A2B154898C3B /* Pods_PixelTMDbTests.framework in Frameworks */,
			);
			runOnlyForDeploymentPostprocessing = 0;
		};
/* End PBXFrameworksBuildPhase section */

/* Begin PBXGroup section */
		30011890233269C500DA9C3B /* Views */ = {
			isa = PBXGroup;
			children = (
				300118AB2333BB4500DA9C3B /* CashTableViewCell.swift */,
				300118A92333BAFD00DA9C3B /* DatesTableViewCell.swift */,
				300118A32332CBCF00DA9C3B /* DetailViewController.swift */,
				300118A72333BA8400DA9C3B /* InformationTableViewCell.swift */,
				3071ABFA23325D5300D94BA1 /* MainViewController.swift */,
				300118A12332AC5B00DA9C3B /* MovieTableViewCell.swift */,
			);
			path = Views;
			sourceTree = "<group>";
		};
		30011891233269CF00DA9C3B /* ViewModels */ = {
			isa = PBXGroup;
			children = (
				3024533D23340C4D00492877 /* MainViewModel.swift */,
			);
			path = ViewModels;
			sourceTree = "<group>";
		};
		30011892233269D400DA9C3B /* Models */ = {
			isa = PBXGroup;
			children = (
				302453322333FB5100492877 /* Entities */,
				3024532F2333FA0F00492877 /* Gateway */,
			);
			path = Models;
			sourceTree = "<group>";
		};
		3001189B23329F0800DA9C3B /* Strings */ = {
			isa = PBXGroup;
			children = (
				300118A023329F6A00DA9C3B /* Main.strings */,
			);
			path = Strings;
			sourceTree = "<group>";
		};
		300118AD2333C6A200DA9C3B /* Extensions */ = {
			isa = PBXGroup;
			children = (
				300118AE2333C6DC00DA9C3B /* UILabel+Extension.swift */,
			);
			path = Extensions;
			sourceTree = "<group>";
		};
		300118B02333F14800DA9C3B /* Services */ = {
			isa = PBXGroup;
			children = (
				300118B12333F16700DA9C3B /* MoviesService.swift */,
			);
			path = Services;
			sourceTree = "<group>";
		};
		3024532F2333FA0F00492877 /* Gateway */ = {
			isa = PBXGroup;
			children = (
				302453302333FA5200492877 /* MoviesNetworkManager.swift */,
				300118B02333F14800DA9C3B /* Services */,
			);
			path = Gateway;
			sourceTree = "<group>";
		};
		302453322333FB5100492877 /* Entities */ = {
			isa = PBXGroup;
			children = (
				302453372333FE3900492877 /* Dates.swift */,
				3024533B2334032D00492877 /* Genre.swift */,
				302453332333FBF700492877 /* Movie.swift */,
				302453352333FDFA00492877 /* UpcomingResponse.swift */,
			);
			path = Entities;
			sourceTree = "<group>";
		};
		3071ABEC23325D5300D94BA1 = {
			isa = PBXGroup;
			children = (
				3071ABF723325D5300D94BA1 /* PixelTMDb */,
				3071AC0C23325D5500D94BA1 /* PixelTMDbTests */,
				3071ABF623325D5300D94BA1 /* Products */,
				88458C2B1BBC0D6E86954511 /* Pods */,
				B013088F9C64A603906C403F /* Frameworks */,
			);
			sourceTree = "<group>";
		};
		3071ABF623325D5300D94BA1 /* Products */ = {
			isa = PBXGroup;
			children = (
				3071ABF523325D5300D94BA1 /* PixelTMDb.app */,
				3071AC0923325D5500D94BA1 /* PixelTMDbTests.xctest */,
			);
			name = Products;
			sourceTree = "<group>";
		};
		3071ABF723325D5300D94BA1 /* PixelTMDb */ = {
			isa = PBXGroup;
			children = (
				3071ABF823325D5300D94BA1 /* AppDelegate.swift */,
				3001189523329CC100DA9C3B /* R.generated.swift */,
				30011890233269C500DA9C3B /* Views */,
				30011891233269CF00DA9C3B /* ViewModels */,
				30011892233269D400DA9C3B /* Models */,
				300118AD2333C6A200DA9C3B /* Extensions */,
				3071AC1823325FB000D94BA1 /* Resources */,
			);
			path = PixelTMDb;
			sourceTree = "<group>";
		};
		3071AC0C23325D5500D94BA1 /* PixelTMDbTests */ = {
			isa = PBXGroup;
			children = (
				3071AC0D23325D5500D94BA1 /* PixelTMDbTests.swift */,
				3071AC0F23325D5500D94BA1 /* Info.plist */,
			);
			path = PixelTMDbTests;
			sourceTree = "<group>";
		};
		3071AC1823325FB000D94BA1 /* Resources */ = {
			isa = PBXGroup;
			children = (
				3071ABFF23325D5500D94BA1 /* Assets.xcassets */,
				3001189923329DEA00DA9C3B /* LaunchScreen.storyboard */,
				3071AC1923325FBA00D94BA1 /* Properties */,
				3001189B23329F0800DA9C3B /* Strings */,
			);
			path = Resources;
			sourceTree = "<group>";
		};
		3071AC1923325FBA00D94BA1 /* Properties */ = {
			isa = PBXGroup;
			children = (
				3071AC0423325D5500D94BA1 /* Info.plist */,
			);
			path = Properties;
			sourceTree = "<group>";
		};
		88458C2B1BBC0D6E86954511 /* Pods */ = {
			isa = PBXGroup;
			children = (
				47755E91A3073C113BD7AA93 /* Pods-PixelTMDb.debug.xcconfig */,
				B9F4B61182FFBE9328BC8D86 /* Pods-PixelTMDb.release.xcconfig */,
				6BE41844FF5D802D0505AAC9 /* Pods-PixelTMDbTests.debug.xcconfig */,
				2F1574FA6AA0BD24A65E37C7 /* Pods-PixelTMDbTests.release.xcconfig */,
			);
			path = Pods;
			sourceTree = "<group>";
		};
		B013088F9C64A603906C403F /* Frameworks */ = {
			isa = PBXGroup;
			children = (
				E5FAFA4D1A3FC45F7A08D1EC /* Pods_PixelTMDb.framework */,
				CCB79C2F435E8814C34250D5 /* Pods_PixelTMDbTests.framework */,
			);
			name = Frameworks;
			sourceTree = "<group>";
		};
/* End PBXGroup section */

/* Begin PBXNativeTarget section */
		3071ABF423325D5300D94BA1 /* PixelTMDb */ = {
			isa = PBXNativeTarget;
			buildConfigurationList = 3071AC1223325D5500D94BA1 /* Build configuration list for PBXNativeTarget "PixelTMDb" */;
			buildPhases = (
				596B2A18E4F3634C31B6A55E /* [CP] Check Pods Manifest.lock */,
				3001189323329C2F00DA9C3B /* ShellScript */,
				3071ABF123325D5300D94BA1 /* Sources */,
				3071ABF223325D5300D94BA1 /* Frameworks */,
				3071ABF323325D5300D94BA1 /* Resources */,
				E8F855BB0AB67CE4B901509B /* [CP] Embed Pods Frameworks */,
			);
			buildRules = (
			);
			dependencies = (
			);
			name = PixelTMDb;
			productName = PixelTMDb;
			productReference = 3071ABF523325D5300D94BA1 /* PixelTMDb.app */;
			productType = "com.apple.product-type.application";
		};
		3071AC0823325D5500D94BA1 /* PixelTMDbTests */ = {
			isa = PBXNativeTarget;
			buildConfigurationList = 3071AC1523325D5500D94BA1 /* Build configuration list for PBXNativeTarget "PixelTMDbTests" */;
			buildPhases = (
				29894CCD1DEAEBB962B93452 /* [CP] Check Pods Manifest.lock */,
				3071AC0523325D5500D94BA1 /* Sources */,
				3071AC0623325D5500D94BA1 /* Frameworks */,
				3071AC0723325D5500D94BA1 /* Resources */,
				64DC13CC5109E4249A10A9E3 /* [CP] Embed Pods Frameworks */,
			);
			buildRules = (
			);
			dependencies = (
				3071AC0B23325D5500D94BA1 /* PBXTargetDependency */,
			);
			name = PixelTMDbTests;
			productName = PixelTMDbTests;
			productReference = 3071AC0923325D5500D94BA1 /* PixelTMDbTests.xctest */;
			productType = "com.apple.product-type.bundle.unit-test";
		};
/* End PBXNativeTarget section */

/* Begin PBXProject section */
		3071ABED23325D5300D94BA1 /* Project object */ = {
			isa = PBXProject;
			attributes = {
				LastSwiftUpdateCheck = 1030;
				LastUpgradeCheck = 1030;
				ORGANIZATIONNAME = "Lucas Henrique Machado da Silva";
				TargetAttributes = {
					3071ABF423325D5300D94BA1 = {
						CreatedOnToolsVersion = 10.3;
					};
					3071AC0823325D5500D94BA1 = {
						CreatedOnToolsVersion = 10.3;
						TestTargetID = 3071ABF423325D5300D94BA1;
					};
				};
			};
			buildConfigurationList = 3071ABF023325D5300D94BA1 /* Build configuration list for PBXProject "PixelTMDb" */;
			compatibilityVersion = "Xcode 9.3";
			developmentRegion = en;
			hasScannedForEncodings = 0;
			knownRegions = (
				en,
				Base,
			);
			mainGroup = 3071ABEC23325D5300D94BA1;
			productRefGroup = 3071ABF623325D5300D94BA1 /* Products */;
			projectDirPath = "";
			projectRoot = "";
			targets = (
				3071ABF423325D5300D94BA1 /* PixelTMDb */,
				3071AC0823325D5500D94BA1 /* PixelTMDbTests */,
			);
		};
/* End PBXProject section */

/* Begin PBXResourcesBuildPhase section */
		3071ABF323325D5300D94BA1 /* Resources */ = {
			isa = PBXResourcesBuildPhase;
			buildActionMask = 2147483647;
			files = (
				3071AC0023325D5500D94BA1 /* Assets.xcassets in Resources */,
				3001189A23329DEA00DA9C3B /* LaunchScreen.storyboard in Resources */,
				3001189E23329F6A00DA9C3B /* Main.strings in Resources */,
			);
			runOnlyForDeploymentPostprocessing = 0;
		};
		3071AC0723325D5500D94BA1 /* Resources */ = {
			isa = PBXResourcesBuildPhase;
			buildActionMask = 2147483647;
			files = (
			);
			runOnlyForDeploymentPostprocessing = 0;
		};
/* End PBXResourcesBuildPhase section */

/* Begin PBXShellScriptBuildPhase section */
		29894CCD1DEAEBB962B93452 /* [CP] Check Pods Manifest.lock */ = {
			isa = PBXShellScriptBuildPhase;
			buildActionMask = 2147483647;
			files = (
			);
			inputFileListPaths = (
			);
			inputPaths = (
				"${PODS_PODFILE_DIR_PATH}/Podfile.lock",
				"${PODS_ROOT}/Manifest.lock",
			);
			name = "[CP] Check Pods Manifest.lock";
			outputFileListPaths = (
			);
			outputPaths = (
				"$(DERIVED_FILE_DIR)/Pods-PixelTMDbTests-checkManifestLockResult.txt",
			);
			runOnlyForDeploymentPostprocessing = 0;
			shellPath = /bin/sh;
			shellScript = "diff \"${PODS_PODFILE_DIR_PATH}/Podfile.lock\" \"${PODS_ROOT}/Manifest.lock\" > /dev/null\nif [ $? != 0 ] ; then\n    # print error to STDERR\n    echo \"error: The sandbox is not in sync with the Podfile.lock. Run 'pod install' or update your CocoaPods installation.\" >&2\n    exit 1\nfi\n# This output is used by Xcode 'outputs' to avoid re-running this script phase.\necho \"SUCCESS\" > \"${SCRIPT_OUTPUT_FILE_0}\"\n";
			showEnvVarsInLog = 0;
		};
		3001189323329C2F00DA9C3B /* ShellScript */ = {
			isa = PBXShellScriptBuildPhase;
			buildActionMask = 2147483647;
			files = (
			);
			inputFileListPaths = (
			);
			inputPaths = (
				"$TEMP_DIR/rswift-lastrun",
			);
			outputFileListPaths = (
			);
			outputPaths = (
				"$SRCROOT/R.generated.swift",
			);
			runOnlyForDeploymentPostprocessing = 0;
			shellPath = /bin/sh;
			shellScript = "\"$PODS_ROOT/R.swift/rswift\" generate \"$SRCROOT/R.generated.swift\"\n";
		};
		596B2A18E4F3634C31B6A55E /* [CP] Check Pods Manifest.lock */ = {
			isa = PBXShellScriptBuildPhase;
			buildActionMask = 2147483647;
			files = (
			);
			inputFileListPaths = (
			);
			inputPaths = (
				"${PODS_PODFILE_DIR_PATH}/Podfile.lock",
				"${PODS_ROOT}/Manifest.lock",
			);
			name = "[CP] Check Pods Manifest.lock";
			outputFileListPaths = (
			);
			outputPaths = (
				"$(DERIVED_FILE_DIR)/Pods-PixelTMDb-checkManifestLockResult.txt",
			);
			runOnlyForDeploymentPostprocessing = 0;
			shellPath = /bin/sh;
			shellScript = "diff \"${PODS_PODFILE_DIR_PATH}/Podfile.lock\" \"${PODS_ROOT}/Manifest.lock\" > /dev/null\nif [ $? != 0 ] ; then\n    # print error to STDERR\n    echo \"error: The sandbox is not in sync with the Podfile.lock. Run 'pod install' or update your CocoaPods installation.\" >&2\n    exit 1\nfi\n# This output is used by Xcode 'outputs' to avoid re-running this script phase.\necho \"SUCCESS\" > \"${SCRIPT_OUTPUT_FILE_0}\"\n";
			showEnvVarsInLog = 0;
		};
		64DC13CC5109E4249A10A9E3 /* [CP] Embed Pods Frameworks */ = {
			isa = PBXShellScriptBuildPhase;
			buildActionMask = 2147483647;
			files = (
			);
			inputFileListPaths = (
				"${PODS_ROOT}/Target Support Files/Pods-PixelTMDbTests/Pods-PixelTMDbTests-frameworks-${CONFIGURATION}-input-files.xcfilelist",
			);
			name = "[CP] Embed Pods Frameworks";
			outputFileListPaths = (
				"${PODS_ROOT}/Target Support Files/Pods-PixelTMDbTests/Pods-PixelTMDbTests-frameworks-${CONFIGURATION}-output-files.xcfilelist",
			);
			runOnlyForDeploymentPostprocessing = 0;
			shellPath = /bin/sh;
			shellScript = "\"${PODS_ROOT}/Target Support Files/Pods-PixelTMDbTests/Pods-PixelTMDbTests-frameworks.sh\"\n";
			showEnvVarsInLog = 0;
		};
		E8F855BB0AB67CE4B901509B /* [CP] Embed Pods Frameworks */ = {
			isa = PBXShellScriptBuildPhase;
			buildActionMask = 2147483647;
			files = (
			);
			inputFileListPaths = (
				"${PODS_ROOT}/Target Support Files/Pods-PixelTMDb/Pods-PixelTMDb-frameworks-${CONFIGURATION}-input-files.xcfilelist",
			);
			name = "[CP] Embed Pods Frameworks";
			outputFileListPaths = (
				"${PODS_ROOT}/Target Support Files/Pods-PixelTMDb/Pods-PixelTMDb-frameworks-${CONFIGURATION}-output-files.xcfilelist",
			);
			runOnlyForDeploymentPostprocessing = 0;
			shellPath = /bin/sh;
			shellScript = "\"${PODS_ROOT}/Target Support Files/Pods-PixelTMDb/Pods-PixelTMDb-frameworks.sh\"\n";
			showEnvVarsInLog = 0;
		};
/* End PBXShellScriptBuildPhase section */

/* Begin PBXSourcesBuildPhase section */
		3071ABF123325D5300D94BA1 /* Sources */ = {
			isa = PBXSourcesBuildPhase;
			buildActionMask = 2147483647;
			files = (
				300118A82333BA8400DA9C3B /* InformationTableViewCell.swift in Sources */,
				3071ABFB23325D5300D94BA1 /* MainViewController.swift in Sources */,
				302453342333FBF700492877 /* Movie.swift in Sources */,
				3071ABF923325D5300D94BA1 /* AppDelegate.swift in Sources */,
				302453312333FA5200492877 /* MoviesNetworkManager.swift in Sources */,
				300118A42332CBCF00DA9C3B /* DetailViewController.swift in Sources */,
				300118B22333F16700DA9C3B /* MoviesService.swift in Sources */,
				300118AC2333BB4500DA9C3B /* CashTableViewCell.swift in Sources */,
				300118A22332AC5B00DA9C3B /* MovieTableViewCell.swift in Sources */,
				3024533C2334032D00492877 /* Genre.swift in Sources */,
				300118AA2333BAFD00DA9C3B /* DatesTableViewCell.swift in Sources */,
				3001189623329CC100DA9C3B /* R.generated.swift in Sources */,
				302453382333FE3900492877 /* Dates.swift in Sources */,
				300118AF2333C6DC00DA9C3B /* UILabel+Extension.swift in Sources */,
				302453362333FDFA00492877 /* UpcomingResponse.swift in Sources */,
				3024533E23340C4D00492877 /* MainViewModel.swift in Sources */,
			);
			runOnlyForDeploymentPostprocessing = 0;
		};
		3071AC0523325D5500D94BA1 /* Sources */ = {
			isa = PBXSourcesBuildPhase;
			buildActionMask = 2147483647;
			files = (
				3071AC0E23325D5500D94BA1 /* PixelTMDbTests.swift in Sources */,
			);
			runOnlyForDeploymentPostprocessing = 0;
		};
/* End PBXSourcesBuildPhase section */

/* Begin PBXTargetDependency section */
		3071AC0B23325D5500D94BA1 /* PBXTargetDependency */ = {
			isa = PBXTargetDependency;
			target = 3071ABF423325D5300D94BA1 /* PixelTMDb */;
			targetProxy = 3071AC0A23325D5500D94BA1 /* PBXContainerItemProxy */;
		};
/* End PBXTargetDependency section */

/* Begin PBXVariantGroup section */
		300118A023329F6A00DA9C3B /* Main.strings */ = {
			isa = PBXVariantGroup;
			children = (
				3001189F23329F6A00DA9C3B /* en */,
			);
			name = Main.strings;
			sourceTree = "<group>";
		};
/* End PBXVariantGroup section */

/* Begin XCBuildConfiguration section */
		3071AC1023325D5500D94BA1 /* Debug */ = {
			isa = XCBuildConfiguration;
			buildSettings = {
				ALWAYS_SEARCH_USER_PATHS = NO;
				CLANG_ANALYZER_NONNULL = YES;
				CLANG_ANALYZER_NUMBER_OBJECT_CONVERSION = YES_AGGRESSIVE;
				CLANG_CXX_LANGUAGE_STANDARD = "gnu++14";
				CLANG_CXX_LIBRARY = "libc++";
				CLANG_ENABLE_MODULES = YES;
				CLANG_ENABLE_OBJC_ARC = YES;
				CLANG_ENABLE_OBJC_WEAK = YES;
				CLANG_WARN_BLOCK_CAPTURE_AUTORELEASING = YES;
				CLANG_WARN_BOOL_CONVERSION = YES;
				CLANG_WARN_COMMA = YES;
				CLANG_WARN_CONSTANT_CONVERSION = YES;
				CLANG_WARN_DEPRECATED_OBJC_IMPLEMENTATIONS = YES;
				CLANG_WARN_DIRECT_OBJC_ISA_USAGE = YES_ERROR;
				CLANG_WARN_DOCUMENTATION_COMMENTS = YES;
				CLANG_WARN_EMPTY_BODY = YES;
				CLANG_WARN_ENUM_CONVERSION = YES;
				CLANG_WARN_INFINITE_RECURSION = YES;
				CLANG_WARN_INT_CONVERSION = YES;
				CLANG_WARN_NON_LITERAL_NULL_CONVERSION = YES;
				CLANG_WARN_OBJC_IMPLICIT_RETAIN_SELF = YES;
				CLANG_WARN_OBJC_LITERAL_CONVERSION = YES;
				CLANG_WARN_OBJC_ROOT_CLASS = YES_ERROR;
				CLANG_WARN_RANGE_LOOP_ANALYSIS = YES;
				CLANG_WARN_STRICT_PROTOTYPES = YES;
				CLANG_WARN_SUSPICIOUS_MOVE = YES;
				CLANG_WARN_UNGUARDED_AVAILABILITY = YES_AGGRESSIVE;
				CLANG_WARN_UNREACHABLE_CODE = YES;
				CLANG_WARN__DUPLICATE_METHOD_MATCH = YES;
				CODE_SIGN_IDENTITY = "iPhone Developer";
				COPY_PHASE_STRIP = NO;
				DEBUG_INFORMATION_FORMAT = dwarf;
				ENABLE_STRICT_OBJC_MSGSEND = YES;
				ENABLE_TESTABILITY = YES;
				GCC_C_LANGUAGE_STANDARD = gnu11;
				GCC_DYNAMIC_NO_PIC = NO;
				GCC_NO_COMMON_BLOCKS = YES;
				GCC_OPTIMIZATION_LEVEL = 0;
				GCC_PREPROCESSOR_DEFINITIONS = (
					"DEBUG=1",
					"$(inherited)",
				);
				GCC_WARN_64_TO_32_BIT_CONVERSION = YES;
				GCC_WARN_ABOUT_RETURN_TYPE = YES_ERROR;
				GCC_WARN_UNDECLARED_SELECTOR = YES;
				GCC_WARN_UNINITIALIZED_AUTOS = YES_AGGRESSIVE;
				GCC_WARN_UNUSED_FUNCTION = YES;
				GCC_WARN_UNUSED_VARIABLE = YES;
				IPHONEOS_DEPLOYMENT_TARGET = 12.4;
				MTL_ENABLE_DEBUG_INFO = INCLUDE_SOURCE;
				MTL_FAST_MATH = YES;
				ONLY_ACTIVE_ARCH = YES;
				SDKROOT = iphoneos;
				SWIFT_ACTIVE_COMPILATION_CONDITIONS = DEBUG;
				SWIFT_OPTIMIZATION_LEVEL = "-Onone";
			};
			name = Debug;
		};
		3071AC1123325D5500D94BA1 /* Release */ = {
			isa = XCBuildConfiguration;
			buildSettings = {
				ALWAYS_SEARCH_USER_PATHS = NO;
				CLANG_ANALYZER_NONNULL = YES;
				CLANG_ANALYZER_NUMBER_OBJECT_CONVERSION = YES_AGGRESSIVE;
				CLANG_CXX_LANGUAGE_STANDARD = "gnu++14";
				CLANG_CXX_LIBRARY = "libc++";
				CLANG_ENABLE_MODULES = YES;
				CLANG_ENABLE_OBJC_ARC = YES;
				CLANG_ENABLE_OBJC_WEAK = YES;
				CLANG_WARN_BLOCK_CAPTURE_AUTORELEASING = YES;
				CLANG_WARN_BOOL_CONVERSION = YES;
				CLANG_WARN_COMMA = YES;
				CLANG_WARN_CONSTANT_CONVERSION = YES;
				CLANG_WARN_DEPRECATED_OBJC_IMPLEMENTATIONS = YES;
				CLANG_WARN_DIRECT_OBJC_ISA_USAGE = YES_ERROR;
				CLANG_WARN_DOCUMENTATION_COMMENTS = YES;
				CLANG_WARN_EMPTY_BODY = YES;
				CLANG_WARN_ENUM_CONVERSION = YES;
				CLANG_WARN_INFINITE_RECURSION = YES;
				CLANG_WARN_INT_CONVERSION = YES;
				CLANG_WARN_NON_LITERAL_NULL_CONVERSION = YES;
				CLANG_WARN_OBJC_IMPLICIT_RETAIN_SELF = YES;
				CLANG_WARN_OBJC_LITERAL_CONVERSION = YES;
				CLANG_WARN_OBJC_ROOT_CLASS = YES_ERROR;
				CLANG_WARN_RANGE_LOOP_ANALYSIS = YES;
				CLANG_WARN_STRICT_PROTOTYPES = YES;
				CLANG_WARN_SUSPICIOUS_MOVE = YES;
				CLANG_WARN_UNGUARDED_AVAILABILITY = YES_AGGRESSIVE;
				CLANG_WARN_UNREACHABLE_CODE = YES;
				CLANG_WARN__DUPLICATE_METHOD_MATCH = YES;
				CODE_SIGN_IDENTITY = "iPhone Developer";
				COPY_PHASE_STRIP = NO;
				DEBUG_INFORMATION_FORMAT = "dwarf-with-dsym";
				ENABLE_NS_ASSERTIONS = NO;
				ENABLE_STRICT_OBJC_MSGSEND = YES;
				GCC_C_LANGUAGE_STANDARD = gnu11;
				GCC_NO_COMMON_BLOCKS = YES;
				GCC_WARN_64_TO_32_BIT_CONVERSION = YES;
				GCC_WARN_ABOUT_RETURN_TYPE = YES_ERROR;
				GCC_WARN_UNDECLARED_SELECTOR = YES;
				GCC_WARN_UNINITIALIZED_AUTOS = YES_AGGRESSIVE;
				GCC_WARN_UNUSED_FUNCTION = YES;
				GCC_WARN_UNUSED_VARIABLE = YES;
				IPHONEOS_DEPLOYMENT_TARGET = 12.4;
				MTL_ENABLE_DEBUG_INFO = NO;
				MTL_FAST_MATH = YES;
				SDKROOT = iphoneos;
				SWIFT_COMPILATION_MODE = wholemodule;
				SWIFT_OPTIMIZATION_LEVEL = "-O";
				VALIDATE_PRODUCT = YES;
			};
			name = Release;
		};
		3071AC1323325D5500D94BA1 /* Debug */ = {
			isa = XCBuildConfiguration;
			baseConfigurationReference = 47755E91A3073C113BD7AA93 /* Pods-PixelTMDb.debug.xcconfig */;
			buildSettings = {
				ASSETCATALOG_COMPILER_APPICON_NAME = AppIcon;
				CODE_SIGN_STYLE = Automatic;
				INFOPLIST_FILE = "$(SRCROOT)/PixelTMDb/Resources/Properties/Info.plist";
				IPHONEOS_DEPLOYMENT_TARGET = 11.0;
				LD_RUNPATH_SEARCH_PATHS = (
					"$(inherited)",
					"@executable_path/Frameworks",
				);
				PRODUCT_BUNDLE_IDENTIFIER = lucashmds.PixelTMDb;
				PRODUCT_NAME = "$(TARGET_NAME)";
				SWIFT_VERSION = 5.0;
				TARGETED_DEVICE_FAMILY = 1;
			};
			name = Debug;
		};
		3071AC1423325D5500D94BA1 /* Release */ = {
			isa = XCBuildConfiguration;
			baseConfigurationReference = B9F4B61182FFBE9328BC8D86 /* Pods-PixelTMDb.release.xcconfig */;
			buildSettings = {
				ASSETCATALOG_COMPILER_APPICON_NAME = AppIcon;
				CODE_SIGN_STYLE = Automatic;
				INFOPLIST_FILE = "$(SRCROOT)/PixelTMDb/Resources/Properties/Info.plist";
				IPHONEOS_DEPLOYMENT_TARGET = 11.0;
				LD_RUNPATH_SEARCH_PATHS = (
					"$(inherited)",
					"@executable_path/Frameworks",
				);
				PRODUCT_BUNDLE_IDENTIFIER = lucashmds.PixelTMDb;
				PRODUCT_NAME = "$(TARGET_NAME)";
				SWIFT_VERSION = 5.0;
				TARGETED_DEVICE_FAMILY = 1;
			};
			name = Release;
		};
		3071AC1623325D5500D94BA1 /* Debug */ = {
			isa = XCBuildConfiguration;
			baseConfigurationReference = 6BE41844FF5D802D0505AAC9 /* Pods-PixelTMDbTests.debug.xcconfig */;
			buildSettings = {
				ALWAYS_EMBED_SWIFT_STANDARD_LIBRARIES = YES;
				BUNDLE_LOADER = "$(TEST_HOST)";
				CODE_SIGN_STYLE = Automatic;
				INFOPLIST_FILE = PixelTMDbTests/Info.plist;
				LD_RUNPATH_SEARCH_PATHS = (
					"$(inherited)",
					"@executable_path/Frameworks",
					"@loader_path/Frameworks",
				);
				PRODUCT_BUNDLE_IDENTIFIER = lucashmds.PixelTMDbTests;
				PRODUCT_NAME = "$(TARGET_NAME)";
				SWIFT_VERSION = 5.0;
				TARGETED_DEVICE_FAMILY = "1,2";
				TEST_HOST = "$(BUILT_PRODUCTS_DIR)/PixelTMDb.app/PixelTMDb";
			};
			name = Debug;
		};
		3071AC1723325D5500D94BA1 /* Release */ = {
			isa = XCBuildConfiguration;
			baseConfigurationReference = 2F1574FA6AA0BD24A65E37C7 /* Pods-PixelTMDbTests.release.xcconfig */;
			buildSettings = {
				ALWAYS_EMBED_SWIFT_STANDARD_LIBRARIES = YES;
				BUNDLE_LOADER = "$(TEST_HOST)";
				CODE_SIGN_STYLE = Automatic;
				INFOPLIST_FILE = PixelTMDbTests/Info.plist;
				LD_RUNPATH_SEARCH_PATHS = (
					"$(inherited)",
					"@executable_path/Frameworks",
					"@loader_path/Frameworks",
				);
				PRODUCT_BUNDLE_IDENTIFIER = lucashmds.PixelTMDbTests;
				PRODUCT_NAME = "$(TARGET_NAME)";
				SWIFT_VERSION = 5.0;
				TARGETED_DEVICE_FAMILY = "1,2";
				TEST_HOST = "$(BUILT_PRODUCTS_DIR)/PixelTMDb.app/PixelTMDb";
			};
			name = Release;
		};
/* End XCBuildConfiguration section */

/* Begin XCConfigurationList section */
		3071ABF023325D5300D94BA1 /* Build configuration list for PBXProject "PixelTMDb" */ = {
			isa = XCConfigurationList;
			buildConfigurations = (
				3071AC1023325D5500D94BA1 /* Debug */,
				3071AC1123325D5500D94BA1 /* Release */,
			);
			defaultConfigurationIsVisible = 0;
			defaultConfigurationName = Release;
		};
		3071AC1223325D5500D94BA1 /* Build configuration list for PBXNativeTarget "PixelTMDb" */ = {
			isa = XCConfigurationList;
			buildConfigurations = (
				3071AC1323325D5500D94BA1 /* Debug */,
				3071AC1423325D5500D94BA1 /* Release */,
			);
			defaultConfigurationIsVisible = 0;
			defaultConfigurationName = Release;
		};
		3071AC1523325D5500D94BA1 /* Build configuration list for PBXNativeTarget "PixelTMDbTests" */ = {
			isa = XCConfigurationList;
			buildConfigurations = (
				3071AC1623325D5500D94BA1 /* Debug */,
				3071AC1723325D5500D94BA1 /* Release */,
			);
			defaultConfigurationIsVisible = 0;
			defaultConfigurationName = Release;
		};
/* End XCConfigurationList section */
	};
	rootObject = 3071ABED23325D5300D94BA1 /* Project object */;
}
